# Code generated by scarb DO NOT EDIT.
version = 1

[[package]]
name = "dojo"
version = "0.4.0-rc2"
source = "git+https://github.com/dojoengine/dojo#b5c6c11c39351b12f141f932f66985409d487b79"
dependencies = [
 "dojo_plugin",
]

[[package]]
name = "dojo_examples"
version = "0.4.0-rc2"
dependencies = [
 "dojo",
]

[[package]]
name = "dojo_plugin"
version = "0.3.11"
source = "git+https://github.com/dojoengine/dojo?tag=v0.3.11#1e651b5d4d3b79b14a7d8aa29a92062fcb9e6659"
