# Code generated by scarb DO NOT EDIT.
version = 1

[[package]]
name = "dojo"
version = "0.3.1"
source = "git+https://github.com/dojoengine/dojo#10188401a0cf88afca30956c32e0db6e7c616b08"
dependencies = [
 "dojo_plugin",
]

[[package]]
name = "dojo_examples"
version = "0.3.1"
dependencies = [
 "dojo",
]

[[package]]
name = "dojo_plugin"
version = "0.3.1"
