# Code generated by scarb DO NOT EDIT.
version = 1

[[package]]
name = "dojo"
version = "0.7.0"
source = "git+https://github.com/dojoengine/dojo?tag=v0.7.0#34b13caa785c1149558d28f1a9d9fbd700c4aa2d"
dependencies = [
 "dojo_plugin",
]

[[package]]
name = "dojo_plugin"
version = "0.3.11"
source = "git+https://github.com/dojoengine/dojo?tag=v0.3.11#1e651b5d4d3b79b14a7d8aa29a92062fcb9e6659"

[[package]]
name = "dojo_starter"
version = "0.7.0"
dependencies = [
 "dojo",
]
